
Microsoft Visual Studio Solution File, Format Version 12.00
# Visual Studio Version 17
VisualStudioVersion = 17.5.002.0
MinimumVisualStudioVersion = 10.0.40219.1
Project("{9A19103F-16F7-4668-BE54-9A1E7A4F7556}") = "DesafioProjetoHospedagem", "DesafioProjetoHospedagem.csproj", "{2D98C734-3D14-4C74-AB9F-5C93C6BAAFAB}"
EndProject
Global
	GlobalSection(SolutionConfigurationPlatforms) = preSolution
		Debug|Any CPU = Debug|Any CPU
		Release|Any CPU = Release|Any CPU
	EndGlobalSection
	GlobalSection(ProjectConfigurationPlatforms) = postSolution
		{2D98C734-3D14-4C74-AB9F-5C93C6BAAFAB}.Debug|Any CPU.ActiveCfg = Debug|Any CPU
		{2D98C734-3D14-4C74-AB9F-5C93C6BAAFAB}.Debug|Any CPU.Build.0 = Debug|Any CPU
		{2D98C734-3D14-4C74-AB9F-5C93C6BAAFAB}.Release|Any CPU.ActiveCfg = Release|Any CPU
		{2D98C734-3D14-4C74-AB9F-5C93C6BAAFAB}.Release|Any CPU.Build.0 = Release|Any CPU
	EndGlobalSection
	GlobalSection(SolutionProperties) = preSolution
		HideSolutionNode = FALSE
	EndGlobalSection
	GlobalSection(ExtensibilityGlobals) = postSolution
		SolutionGuid = {531D0A61-92C6-4986-A1E9-0EC38F157C87}
	EndGlobalSection
EndGlobal
